
Microsoft Visual Studio Solution File, Format Version 12.00
# Visual Studio Version 17
VisualStudioVersion = 17.9.34728.123
MinimumVisualStudioVersion = 10.0.40219.1
Project("{FAE04EC0-301F-11D3-BF4B-00C04F79EFBC}") = "ConsoleApp-2024C1-12E-EF-DBF", "ConsoleApp-2024C1-12E-EF-DBF\ConsoleApp-2024C1-12E-EF-DBF.csproj", "{9BB79DD5-BBDA-4141-B644-2FE1BF7CD582}"
EndProject
Global
	GlobalSection(SolutionConfigurationPlatforms) = preSolution
		Debug|Any CPU = Debug|Any CPU
		Release|Any CPU = Release|Any CPU
	EndGlobalSection
	GlobalSection(ProjectConfigurationPlatforms) = postSolution
		{9BB79DD5-BBDA-4141-B644-2FE1BF7CD582}.Debug|Any CPU.ActiveCfg = Debug|Any CPU
		{9BB79DD5-BBDA-4141-B644-2FE1BF7CD582}.Debug|Any CPU.Build.0 = Debug|Any CPU
		{9BB79DD5-BBDA-4141-B644-2FE1BF7CD582}.Release|Any CPU.ActiveCfg = Release|Any CPU
		{9BB79DD5-BBDA-4141-B644-2FE1BF7CD582}.Release|Any CPU.Build.0 = Release|Any CPU
	EndGlobalSection
	GlobalSection(SolutionProperties) = preSolution
		HideSolutionNode = FALSE
	EndGlobalSection
	GlobalSection(ExtensibilityGlobals) = postSolution
		SolutionGuid = {92660698-0DEA-4EAC-9061-3EB7E3ABEB72}
	EndGlobalSection
EndGlobal
